
Microsoft Visual Studio Solution File, Format Version 12.00
# Visual Studio Version 16
VisualStudioVersion = 16.0.33214.272
MinimumVisualStudioVersion = 10.0.40219.1
Project("{FAE04EC0-301F-11D3-BF4B-00C04F79EFBC}") = "Program", "Program\Program.csproj", "{2EED4854-DD42-4CA3-B73C-F0B8A053829D}"
EndProject
Global
	GlobalSection(SolutionConfigurationPlatforms) = preSolution
		Debug|Any CPU = Debug|Any CPU
		Release|Any CPU = Release|Any CPU
	EndGlobalSection
	GlobalSection(ProjectConfigurationPlatforms) = postSolution
		{2EED4854-DD42-4CA3-B73C-F0B8A053829D}.Debug|Any CPU.ActiveCfg = Debug|Any CPU
		{2EED4854-DD42-4CA3-B73C-F0B8A053829D}.Debug|Any CPU.Build.0 = Debug|Any CPU
		{2EED4854-DD42-4CA3-B73C-F0B8A053829D}.Release|Any CPU.ActiveCfg = Release|Any CPU
		{2EED4854-DD42-4CA3-B73C-F0B8A053829D}.Release|Any CPU.Build.0 = Release|Any CPU
	EndGlobalSection
	GlobalSection(SolutionProperties) = preSolution
		HideSolutionNode = FALSE
	EndGlobalSection
	GlobalSection(ExtensibilityGlobals) = postSolution
		SolutionGuid = {75F5E915-CFA9-4556-88CF-E6D3CBFD35C1}
	EndGlobalSection
EndGlobal
